
Microsoft Visual Studio Solution File, Format Version 11.00
# Visual Studio 2010
# SharpDevelop 4.3
Project("{FAE04EC0-301F-11D3-BF4B-00C04F79EFBC}") = "YRGUI", "YRGUI.csproj", "{E01FFD94-2D16-48FC-ACA1-EB53AECE59EC}"
EndProject
Global
	GlobalSection(SolutionConfigurationPlatforms) = preSolution
		Debug|Any CPU = Debug|Any CPU
		Release|Any CPU = Release|Any CPU
	EndGlobalSection
	GlobalSection(ProjectConfigurationPlatforms) = postSolution
		{E01FFD94-2D16-48FC-ACA1-EB53AECE59EC}.Debug|Any CPU.Build.0 = Debug|Any CPU
		{E01FFD94-2D16-48FC-ACA1-EB53AECE59EC}.Debug|Any CPU.ActiveCfg = Debug|Any CPU
		{E01FFD94-2D16-48FC-ACA1-EB53AECE59EC}.Release|Any CPU.Build.0 = Release|Any CPU
		{E01FFD94-2D16-48FC-ACA1-EB53AECE59EC}.Release|Any CPU.ActiveCfg = Release|Any CPU
	EndGlobalSection
EndGlobal
